{
    "_readme": [
        "This file locks the dependencies of your project to a known state",
        "Read more about it at https://getcomposer.org/doc/01-basic-usage.md#installing-dependencies",
        "This file is @generated automatically"
    ],
    "content-hash": "e10d4de4caa43f6d6183f403180023c1",
    "packages": [
        {
            "name": "alcaeus/mongo-php-adapter",
            "version": "1.0.9",
            "source": {
                "type": "git",
                "url": "https://github.com/alcaeus/mongo-php-adapter.git",
                "reference": "fea3f8333c7b22dde97d7dbe8a82528fc5c27992"
            },
            "dist": {
                "type": "zip",
                "url": "https://api.github.com/repos/alcaeus/mongo-php-adapter/zipball/fea3f8333c7b22dde97d7dbe8a82528fc5c27992",
                "reference": "fea3f8333c7b22dde97d7dbe8a82528fc5c27992",
                "shasum": ""
            },
            "require": {
                "ext-hash": "*",
                "mongodb/mongodb": "^1.0.1",
                "php": "^5.5 || ^7.0"
            },
            "provide": {
                "ext-mongo": "1.6.14"
            },
            "require-dev": {
                "phpunit/phpunit": "^4.8 || ^5.0"
            },
            "type": "library",
            "extra": {
                "branch-alias": {
                    "dev-master": "1.0.x-dev"
                }
            },
            "autoload": {
                "psr-0": {
                    "Mongo": "lib/Mongo"
                },
                "psr-4": {
                    "Alcaeus\\MongoDbAdapter\\": "lib/Alcaeus/MongoDbAdapter"
                },
                "files": [
                    "lib/Mongo/functions.php"
                ]
            },
            "notification-url": "https://packagist.org/downloads/",
            "license": [
                "MIT"
            ],
            "authors": [
                {
                    "name": "alcaeus",
                    "email": "alcaeus@alcaeus.org"
                },
                {
                    "name": "Olivier Lechevalier",
                    "email": "olivier.lechevalier@gmail.com"
                }
            ],
            "description": "Adapter to provide ext-mongo interface on top of mongo-php-libary",
            "keywords": [
                "database",
                "mongodb"
            ],
            "time": "2017-01-29T08:35:26+00:00"
        },
        {
            "name": "composer/package-versions-deprecated",
            "version": "1.11.99.1",
            "source": {
                "type": "git",
                "url": "https://github.com/composer/package-versions-deprecated.git",
                "reference": "7413f0b55a051e89485c5cb9f765fe24bb02a7b6"
            },
            "dist": {
                "type": "zip",
                "url": "https://api.github.com/repos/composer/package-versions-deprecated/zipball/7413f0b55a051e89485c5cb9f765fe24bb02a7b6",
                "reference": "7413f0b55a051e89485c5cb9f765fe24bb02a7b6",
                "shasum": ""
            },
            "require": {
                "composer-plugin-api": "^1.1.0 || ^2.0",
                "php": "^7 || ^8"
            },
            "replace": {
                "ocramius/package-versions": "1.11.99"
            },
            "require-dev": {
                "composer/composer": "^1.9.3 || ^2.0@dev",
                "ext-zip": "^1.13",
                "phpunit/phpunit": "^6.5 || ^7"
            },
            "type": "composer-plugin",
            "extra": {
                "class": "PackageVersions\\Installer",
                "branch-alias": {
                    "dev-master": "1.x-dev"
                }
            },
            "autoload": {
                "psr-4": {
                    "PackageVersions\\": "src/PackageVersions"
                }
            },
            "notification-url": "https://packagist.org/downloads/",
            "license": [
                "MIT"
            ],
            "authors": [
                {
                    "name": "Marco Pivetta",
                    "email": "ocramius@gmail.com"
                },
                {
                    "name": "Jordi Boggiano",
                    "email": "j.boggiano@seld.be"
                }
            ],
            "description": "Composer plugin that provides efficient querying for installed package versions (no runtime IO)",
            "funding": [
                {
                    "url": "https://packagist.com",
                    "type": "custom"
                },
                {
                    "url": "https://github.com/composer",
                    "type": "github"
                },
                {
                    "url": "https://tidelift.com/funding/github/packagist/composer/composer",
                    "type": "tidelift"
                }
            ],
            "time": "2020-11-11T10:22:58+00:00"
        },
        {
            "name": "formapro/values",
            "version": "0.5.1",
            "source": {
                "type": "git",
                "url": "https://github.com/formapro/values.git",
                "reference": "946d5af76ae49e563187047757c2f1d4dc8aed3a"
            },
            "dist": {
                "type": "zip",
                "url": "https://api.github.com/repos/formapro/values/zipball/946d5af76ae49e563187047757c2f1d4dc8aed3a",
                "reference": "946d5af76ae49e563187047757c2f1d4dc8aed3a",
                "shasum": ""
            },
            "require": {
                "php": "^7.1"
            },
            "require-dev": {
                "phpunit/phpunit": "^6"
            },
            "type": "library",
            "extra": {
                "branch-alias": {
                    "dev-master": "0.5-dev"
                }
            },
            "autoload": {
                "psr-4": {
                    "Formapro\\Values\\": "src"
                },
                "files": [
                    "src/functions_include.php"
                ]
            },
            "notification-url": "https://packagist.org/downloads/",
            "license": [
                "MIT"
            ],
            "authors": [
                {
                    "name": "Max Kotliar",
                    "email": "kotlyar.maksim@gmail.com"
                }
            ],
            "description": "Alter ego objects. Highly efficient way of building models, api clients and so on",
            "keywords": [
                "model"
            ],
            "time": "2019-02-01T08:10:21+00:00"
        },
        {
            "name": "jean85/pretty-package-versions",
            "version": "1.6.0",
            "source": {
                "type": "git",
                "url": "https://github.com/Jean85/pretty-package-versions.git",
                "reference": "1e0104b46f045868f11942aea058cd7186d6c303"
            },
            "dist": {
                "type": "zip",
                "url": "https://api.github.com/repos/Jean85/pretty-package-versions/zipball/1e0104b46f045868f11942aea058cd7186d6c303",
                "reference": "1e0104b46f045868f11942aea058cd7186d6c303",
                "shasum": ""
            },
            "require": {
                "composer/package-versions-deprecated": "^1.8.0",
                "php": "^7.0|^8.0"
            },
            "require-dev": {
                "phpunit/phpunit": "^6.0|^8.5|^9.2"
            },
            "type": "library",
            "extra": {
                "branch-alias": {
                    "dev-master": "1.x-dev"
                }
            },
            "autoload": {
                "psr-4": {
                    "Jean85\\": "src/"
                }
            },
            "notification-url": "https://packagist.org/downloads/",
            "license": [
                "MIT"
            ],
            "authors": [
                {
                    "name": "Alessandro Lai",
                    "email": "alessandro.lai85@gmail.com"
                }
            ],
            "description": "A wrapper for ocramius/package-versions to get pretty versions strings",
            "keywords": [
                "composer",
                "package",
                "release",
                "versions"
            ],
            "time": "2021-02-04T16:20:16+00:00"
        },
        {
            "name": "jmikola/geojson",
            "version": "1.0.2",
            "source": {
                "type": "git",
                "url": "https://github.com/jmikola/geojson.git",
                "reference": "6ec3016cc0215667b7775f6ead7bd0337ad66eee"
            },
            "dist": {
                "type": "zip",
                "url": "https://api.github.com/repos/jmikola/geojson/zipball/6ec3016cc0215667b7775f6ead7bd0337ad66eee",
                "reference": "6ec3016cc0215667b7775f6ead7bd0337ad66eee",
                "shasum": ""
            },
            "require": {
                "php": ">=5.3.3"
            },
            "require-dev": {
                "phpunit/phpunit": "~3.7"
            },
            "type": "library",
            "extra": {
                "branch-alias": {
                    "dev-master": "1.0-dev"
                }
            },
            "autoload": {
                "psr-0": {
                    "GeoJson\\": "src/"
                },
                "classmap": [
                    "stubs/"
                ]
            },
            "notification-url": "https://packagist.org/downloads/",
            "license": [
                "MIT"
            ],
            "authors": [
                {
                    "name": "Jeremy Mikola",
                    "email": "jmikola@gmail.com"
                }
            ],
            "description": "GeoJSON implementation for PHP",
            "homepage": "https://github.com/jmikola/geojson",
            "keywords": [
                "geo",
                "geojson",
                "geospatial"
            ],
            "time": "2015-09-27T15:35:21+00:00"
        },
        {
            "name": "makasim/json-patch-php",
            "version": "0.1.2",
            "source": {
                "type": "git",
                "url": "https://github.com/makasim/json-patch-php.git",
                "reference": "42dc51296a0a817989150d10863259a71e72006c"
            },
            "dist": {
                "type": "zip",
                "url": "https://api.github.com/repos/makasim/json-patch-php/zipball/42dc51296a0a817989150d10863259a71e72006c",
                "reference": "42dc51296a0a817989150d10863259a71e72006c",
                "shasum": ""
            },
            "replace": {
                "mikemccabe/json-patch-php": "*"
            },
            "type": "library",
            "autoload": {
                "psr-4": {
                    "mikemccabe\\JsonPatch\\": "src"
                }
            },
            "notification-url": "https://packagist.org/downloads/",
            "license": [
                "LGPL-3.0"
            ],
            "description": "Produce and apply json-patch objects",
            "time": "2019-06-04T10:18:35+00:00"
        },
        {
            "name": "makasim/yadm",
            "version": "0.5.7",
            "source": {
                "type": "git",
                "url": "https://github.com/makasim/yadm.git",
                "reference": "4a3dbab222402d01ff7646aad51149e22c0507c2"
            },
            "dist": {
                "type": "zip",
                "url": "https://api.github.com/repos/makasim/yadm/zipball/4a3dbab222402d01ff7646aad51149e22c0507c2",
                "reference": "4a3dbab222402d01ff7646aad51149e22c0507c2",
                "shasum": ""
            },
            "require": {
                "formapro/values": "^0.5.1",
                "makasim/json-patch-php": "^0.1.2",
                "mongodb/mongodb": "^1",
                "php": "^7.1"
            },
            "replace": {
                "formapro/yadm": "*"
            },
            "require-dev": {
                "phpunit/phpunit": "~6.0"
            },
            "type": "library",
            "extra": {
                "branch-alias": {
                    "dev-master": "0.5-dev"
                }
            },
            "autoload": {
                "psr-4": {
                    "Formapro\\Yadm\\": "src"
                },
                "files": [
                    "src/functions_include.php"
                ]
            },
            "notification-url": "https://packagist.org/downloads/",
            "license": [
                "MIT"
            ],
            "authors": [
                {
                    "name": "Maksym Kotliar",
                    "email": "kotlyar.maksim@gmail.com"
                }
            ],
            "description": "The fastest MongoDB object document mapper.",
            "keywords": [
                "model",
                "mongodb",
                "odm",
                "storage"
            ],
            "time": "2019-06-04T10:20:36+00:00"
        },
        {
            "name": "mongodb/mongodb",
            "version": "1.8.0",
            "source": {
                "type": "git",
                "url": "https://github.com/mongodb/mongo-php-library.git",
                "reference": "953dbc19443aa9314c44b7217a16873347e6840d"
            },
            "dist": {
                "type": "zip",
                "url": "https://api.github.com/repos/mongodb/mongo-php-library/zipball/953dbc19443aa9314c44b7217a16873347e6840d",
                "reference": "953dbc19443aa9314c44b7217a16873347e6840d",
                "shasum": ""
            },
            "require": {
                "ext-hash": "*",
                "ext-json": "*",
                "ext-mongodb": "^1.8.1",
                "jean85/pretty-package-versions": "^1.2",
                "php": "^7.0 || ^8.0",
                "symfony/polyfill-php80": "^1.19"
            },
            "require-dev": {
                "squizlabs/php_codesniffer": "^3.5, <3.5.5",
                "symfony/phpunit-bridge": "5.x-dev"
            },
            "type": "library",
            "extra": {
                "branch-alias": {
                    "dev-master": "1.8.x-dev"
                }
            },
            "autoload": {
                "psr-4": {
                    "MongoDB\\": "src/"
                },
                "files": [
                    "src/functions.php"
                ]
            },
            "notification-url": "https://packagist.org/downloads/",
            "license": [
                "Apache-2.0"
            ],
            "authors": [
                {
                    "name": "Andreas Braun",
                    "email": "andreas.braun@mongodb.com"
                },
                {
                    "name": "Jeremy Mikola",
                    "email": "jmikola@gmail.com"
                }
            ],
            "description": "MongoDB driver library",
            "homepage": "https://jira.mongodb.org/browse/PHPLIB",
            "keywords": [
                "database",
                "driver",
                "mongodb",
                "persistence"
            ],
            "time": "2020-11-25T12:26:02+00:00"
        },
        {
            "name": "php-amqplib/php-amqplib",
            "version": "v3.0.0",
            "source": {
                "type": "git",
                "url": "https://github.com/php-amqplib/php-amqplib.git",
                "reference": "c0a8eade209b7e43d6a405303d8de716dfd02749"
            },
            "dist": {
                "type": "zip",
                "url": "https://api.github.com/repos/php-amqplib/php-amqplib/zipball/c0a8eade209b7e43d6a405303d8de716dfd02749",
                "reference": "c0a8eade209b7e43d6a405303d8de716dfd02749",
                "shasum": ""
            },
            "require": {
                "ext-mbstring": "*",
                "ext-sockets": "*",
                "php": "^7.0|~8.0.0",
                "phpseclib/phpseclib": "^2.0|^3.0"
            },
            "conflict": {
                "php": "7.4.0 - 7.4.1"
            },
            "replace": {
                "videlalvaro/php-amqplib": "self.version"
            },
            "require-dev": {
                "ext-curl": "*",
                "nategood/httpful": "^0.2.20",
                "phpunit/phpunit": "^6.5|^7.0|^9.5",
                "squizlabs/php_codesniffer": "^3.5"
            },
            "type": "library",
            "extra": {
                "branch-alias": {
                    "dev-master": "3.0-dev"
                }
            },
            "autoload": {
                "psr-4": {
                    "PhpAmqpLib\\": "PhpAmqpLib/"
                }
            },
            "notification-url": "https://packagist.org/downloads/",
            "license": [
                "LGPL-2.1-or-later"
            ],
            "authors": [
                {
                    "name": "Alvaro Videla",
                    "role": "Original Maintainer"
                },
                {
                    "name": "Raúl Araya",
                    "email": "nubeiro@gmail.com",
                    "role": "Maintainer"
                },
                {
                    "name": "Luke Bakken",
                    "email": "luke@bakken.io",
                    "role": "Maintainer"
                },
                {
                    "name": "Ramūnas Dronga",
                    "email": "github@ramuno.lt",
                    "role": "Maintainer"
                }
            ],
            "description": "Formerly videlalvaro/php-amqplib.  This library is a pure PHP implementation of the AMQP protocol. It's been tested against RabbitMQ.",
            "homepage": "https://github.com/php-amqplib/php-amqplib/",
            "keywords": [
                "message",
                "queue",
                "rabbitmq"
            ],
            "time": "2021-03-16T15:00:23+00:00"
        },
        {
            "name": "phpseclib/bcmath_compat",
            "version": "1.0.6",
            "source": {
                "type": "git",
                "url": "https://github.com/phpseclib/bcmath_compat.git",
                "reference": "f6f03d3af2ef95fc35b30abdd29f20ee11276a65"
            },
            "dist": {
                "type": "zip",
                "url": "https://api.github.com/repos/phpseclib/bcmath_compat/zipball/f6f03d3af2ef95fc35b30abdd29f20ee11276a65",
                "reference": "f6f03d3af2ef95fc35b30abdd29f20ee11276a65",
                "shasum": ""
            },
            "require": {
                "phpseclib/phpseclib": ">=2.0.19 <3.0.0"
            },
            "provide": {
                "ext-bcmath": "8.0.0"
            },
            "require-dev": {
                "phpunit/phpunit": "^4.8.35|^5.7|^6.0|^9.4",
                "squizlabs/php_codesniffer": "^3.0"
            },
            "suggest": {
                "ext-gmp": "Will enable faster math operations"
            },
            "type": "library",
            "autoload": {
                "files": [
                    "lib/bcmath.php"
                ],
                "psr-4": {
                    "bcmath_compat\\": "src"
                }
            },
            "notification-url": "https://packagist.org/downloads/",
            "license": [
                "MIT"
            ],
            "authors": [
                {
                    "name": "Jim Wigginton",
                    "email": "terrafrost@php.net",
                    "homepage": "http://phpseclib.sourceforge.net"
                }
            ],
            "description": "PHP 5.x/7.x polyfill for bcmath extension",
            "keywords": [
                "BigInteger",
                "bcmath",
                "bigdecimal",
                "math",
                "polyfill"
            ],
            "time": "2020-12-22T16:34:18+00:00"
        },
        {
            "name": "phpseclib/phpseclib",
            "version": "2.0.31",
            "source": {
                "type": "git",
                "url": "https://github.com/phpseclib/phpseclib.git",
                "reference": "233a920cb38636a43b18d428f9a8db1f0a1a08f4"
            },
            "dist": {
                "type": "zip",
                "url": "https://api.github.com/repos/phpseclib/phpseclib/zipball/233a920cb38636a43b18d428f9a8db1f0a1a08f4",
                "reference": "233a920cb38636a43b18d428f9a8db1f0a1a08f4",
                "shasum": ""
            },
            "require": {
                "php": ">=5.3.3"
            },
            "require-dev": {
                "phing/phing": "~2.7",
                "phpunit/phpunit": "^4.8.35|^5.7|^6.0|^9.4",
                "squizlabs/php_codesniffer": "~2.0"
            },
            "suggest": {
                "ext-gmp": "Install the GMP (GNU Multiple Precision) extension in order to speed up arbitrary precision integer arithmetic operations.",
                "ext-libsodium": "SSH2/SFTP can make use of some algorithms provided by the libsodium-php extension.",
                "ext-mcrypt": "Install the Mcrypt extension in order to speed up a few other cryptographic operations.",
                "ext-openssl": "Install the OpenSSL extension in order to speed up a wide variety of cryptographic operations."
            },
            "type": "library",
            "autoload": {
                "files": [
                    "phpseclib/bootstrap.php"
                ],
                "psr-4": {
                    "phpseclib\\": "phpseclib/"
                }
            },
            "notification-url": "https://packagist.org/downloads/",
            "license": [
                "MIT"
            ],
            "authors": [
                {
                    "name": "Jim Wigginton",
                    "email": "terrafrost@php.net",
                    "role": "Lead Developer"
                },
                {
                    "name": "Patrick Monnerat",
                    "email": "pm@datasphere.ch",
                    "role": "Developer"
                },
                {
                    "name": "Andreas Fischer",
                    "email": "bantu@phpbb.com",
                    "role": "Developer"
                },
                {
                    "name": "Hans-Jürgen Petrich",
                    "email": "petrich@tronic-media.com",
                    "role": "Developer"
                },
                {
                    "name": "Graham Campbell",
                    "email": "graham@alt-three.com",
                    "role": "Developer"
                }
            ],
            "description": "PHP Secure Communications Library - Pure-PHP implementations of RSA, AES, SSH2, SFTP, X.509 etc.",
            "homepage": "http://phpseclib.sourceforge.net",
            "keywords": [
                "BigInteger",
                "aes",
                "asn.1",
                "asn1",
                "blowfish",
                "crypto",
                "cryptography",
                "encryption",
                "rsa",
                "security",
                "sftp",
                "signature",
                "signing",
                "ssh",
                "twofish",
                "x.509",
                "x509"
            ],
            "funding": [
                {
                    "url": "https://github.com/terrafrost",
                    "type": "github"
                },
                {
                    "url": "https://www.patreon.com/phpseclib",
                    "type": "patreon"
                },
                {
                    "url": "https://tidelift.com/funding/github/packagist/phpseclib/phpseclib",
                    "type": "tidelift"
                }
            ],
            "time": "2021-04-06T13:56:45+00:00"
        },
        {
            "name": "psr/log",
            "version": "1.1.4",
            "source": {
                "type": "git",
                "url": "https://github.com/php-fig/log.git",
                "reference": "d49695b909c3b7628b6289db5479a1c204601f11"
            },
            "dist": {
                "type": "zip",
                "url": "https://api.github.com/repos/php-fig/log/zipball/d49695b909c3b7628b6289db5479a1c204601f11",
                "reference": "d49695b909c3b7628b6289db5479a1c204601f11",
                "shasum": ""
            },
            "require": {
                "php": ">=5.3.0"
            },
            "type": "library",
            "extra": {
                "branch-alias": {
                    "dev-master": "1.1.x-dev"
                }
            },
            "autoload": {
                "psr-4": {
                    "Psr\\Log\\": "Psr/Log/"
                }
            },
            "notification-url": "https://packagist.org/downloads/",
            "license": [
                "MIT"
            ],
            "authors": [
                {
                    "name": "PHP-FIG",
                    "homepage": "https://www.php-fig.org/"
                }
            ],
            "description": "Common interface for logging libraries",
            "homepage": "https://github.com/php-fig/log",
            "keywords": [
                "log",
                "psr",
                "psr-3"
            ],
            "time": "2021-05-03T11:20:27+00:00"
        },
        {
            "name": "psr/simple-cache",
            "version": "1.0.1",
            "source": {
                "type": "git",
                "url": "https://github.com/php-fig/simple-cache.git",
                "reference": "408d5eafb83c57f6365a3ca330ff23aa4a5fa39b"
            },
            "dist": {
                "type": "zip",
                "url": "https://api.github.com/repos/php-fig/simple-cache/zipball/408d5eafb83c57f6365a3ca330ff23aa4a5fa39b",
                "reference": "408d5eafb83c57f6365a3ca330ff23aa4a5fa39b",
                "shasum": ""
            },
            "require": {
                "php": ">=5.3.0"
            },
            "type": "library",
            "extra": {
                "branch-alias": {
                    "dev-master": "1.0.x-dev"
                }
            },
            "autoload": {
                "psr-4": {
                    "Psr\\SimpleCache\\": "src/"
                }
            },
            "notification-url": "https://packagist.org/downloads/",
            "license": [
                "MIT"
            ],
            "authors": [
                {
                    "name": "PHP-FIG",
                    "homepage": "http://www.php-fig.org/"
                }
            ],
            "description": "Common interfaces for simple caching",
            "keywords": [
                "cache",
                "caching",
                "psr",
                "psr-16",
                "simple-cache"
            ],
            "time": "2017-10-23T01:57:42+00:00"
        },
        {
            "name": "sokil/php-mongo",
            "version": "1.23.1",
            "source": {
                "type": "git",
                "url": "https://github.com/sokil/php-mongo.git",
                "reference": "24cf23d842f5935fe3fe16717e09a501c5de925e"
            },
            "dist": {
                "type": "zip",
                "url": "https://api.github.com/repos/sokil/php-mongo/zipball/24cf23d842f5935fe3fe16717e09a501c5de925e",
                "reference": "24cf23d842f5935fe3fe16717e09a501c5de925e",
                "shasum": ""
            },
            "require": {
                "jmikola/geojson": "~1.0",
                "php": ">=5.4 || ^7.0",
                "psr/log": "~1.0",
                "psr/simple-cache": "^1.0",
                "symfony/event-dispatcher": ">=2.0 <5.0",
                "symfony/polyfill-php55": "~1.0"
            },
            "require-dev": {
                "phpmd/phpmd": "@stable",
                "phpunit/phpunit": ">=4.8.35 <6.0",
                "satooshi/php-coveralls": ">=0.7.1 <2.0",
                "squizlabs/php_codesniffer": "^2.3"
            },
            "suggest": {
                "alcaeus/mongo-php-adapter": "Adapter to provide ext-mongo interface on top of mongo-php-library",
                "phpmongokit/laravel-mongo-pdm": "PHPMongo ODM Adapter for Laravel",
                "phpmongokit/yii2-mongo-odm": "Yii2 Framework component",
                "sokil/php-mongo-bundle": "Symfony Bundle",
                "sokil/php-mongo-migrator": "Add support of migrations",
                "sokil/php-mongo-yii": "Yii Framework component"
            },
            "type": "library",
            "autoload": {
                "psr-4": {
                    "Sokil\\Mongo\\": [
                        "src/",
                        "tests/"
                    ]
                },
                "classmap": [
                    "stubs/"
                ]
            },
            "notification-url": "https://packagist.org/downloads/",
            "license": [
                "MIT"
            ],
            "authors": [
                {
                    "name": "Dmytro Sokil",
                    "email": "dmytro.sokil@gmail.com"
                }
            ],
            "description": "PHP Object Document Mapper for MongoDB",
            "homepage": "http://phpmongokit.github.io/",
            "keywords": [
                "mongo",
                "mongodb",
                "nosql",
                "odm",
                "orm"
            ],
            "time": "2019-07-08T19:52:03+00:00"
        },
        {
            "name": "symfony/event-dispatcher",
            "version": "v4.4.20",
            "source": {
                "type": "git",
                "url": "https://github.com/symfony/event-dispatcher.git",
                "reference": "c352647244bd376bf7d31efbd5401f13f50dad0c"
            },
            "dist": {
                "type": "zip",
                "url": "https://api.github.com/repos/symfony/event-dispatcher/zipball/c352647244bd376bf7d31efbd5401f13f50dad0c",
                "reference": "c352647244bd376bf7d31efbd5401f13f50dad0c",
                "shasum": ""
            },
            "require": {
                "php": ">=7.1.3",
                "symfony/event-dispatcher-contracts": "^1.1"
            },
            "conflict": {
                "symfony/dependency-injection": "<3.4"
            },
            "provide": {
                "psr/event-dispatcher-implementation": "1.0",
                "symfony/event-dispatcher-implementation": "1.1"
            },
            "require-dev": {
                "psr/log": "~1.0",
                "symfony/config": "^3.4|^4.0|^5.0",
                "symfony/dependency-injection": "^3.4|^4.0|^5.0",
                "symfony/error-handler": "~3.4|~4.4",
                "symfony/expression-language": "^3.4|^4.0|^5.0",
                "symfony/http-foundation": "^3.4|^4.0|^5.0",
                "symfony/service-contracts": "^1.1|^2",
                "symfony/stopwatch": "^3.4|^4.0|^5.0"
            },
            "suggest": {
                "symfony/dependency-injection": "",
                "symfony/http-kernel": ""
            },
            "type": "library",
            "autoload": {
                "psr-4": {
                    "Symfony\\Component\\EventDispatcher\\": ""
                },
                "exclude-from-classmap": [
                    "/Tests/"
                ]
            },
            "notification-url": "https://packagist.org/downloads/",
            "license": [
                "MIT"
            ],
            "authors": [
                {
                    "name": "Fabien Potencier",
                    "email": "fabien@symfony.com"
                },
                {
                    "name": "Symfony Community",
                    "homepage": "https://symfony.com/contributors"
                }
            ],
            "description": "Provides tools that allow your application components to communicate with each other by dispatching events and listening to them",
            "homepage": "https://symfony.com",
            "funding": [
                {
                    "url": "https://symfony.com/sponsor",
                    "type": "custom"
                },
                {
                    "url": "https://github.com/fabpot",
                    "type": "github"
                },
                {
                    "url": "https://tidelift.com/funding/github/packagist/symfony/symfony",
                    "type": "tidelift"
                }
            ],
            "time": "2021-01-27T09:09:26+00:00"
        },
        {
            "name": "symfony/event-dispatcher-contracts",
            "version": "v1.1.9",
            "source": {
                "type": "git",
                "url": "https://github.com/symfony/event-dispatcher-contracts.git",
                "reference": "84e23fdcd2517bf37aecbd16967e83f0caee25a7"
            },
            "dist": {
                "type": "zip",
                "url": "https://api.github.com/repos/symfony/event-dispatcher-contracts/zipball/84e23fdcd2517bf37aecbd16967e83f0caee25a7",
                "reference": "84e23fdcd2517bf37aecbd16967e83f0caee25a7",
                "shasum": ""
            },
            "require": {
                "php": ">=7.1.3"
            },
            "suggest": {
                "psr/event-dispatcher": "",
                "symfony/event-dispatcher-implementation": ""
            },
            "type": "library",
            "extra": {
                "branch-alias": {
                    "dev-master": "1.1-dev"
                },
                "thanks": {
                    "name": "symfony/contracts",
                    "url": "https://github.com/symfony/contracts"
                }
            },
            "autoload": {
                "psr-4": {
                    "Symfony\\Contracts\\EventDispatcher\\": ""
                }
            },
            "notification-url": "https://packagist.org/downloads/",
            "license": [
                "MIT"
            ],
            "authors": [
                {
                    "name": "Nicolas Grekas",
                    "email": "p@tchwork.com"
                },
                {
                    "name": "Symfony Community",
                    "homepage": "https://symfony.com/contributors"
                }
            ],
            "description": "Generic abstractions related to dispatching event",
            "homepage": "https://symfony.com",
            "keywords": [
                "abstractions",
                "contracts",
                "decoupling",
                "interfaces",
                "interoperability",
                "standards"
            ],
            "funding": [
                {
                    "url": "https://symfony.com/sponsor",
                    "type": "custom"
                },
                {
                    "url": "https://github.com/fabpot",
                    "type": "github"
                },
                {
                    "url": "https://tidelift.com/funding/github/packagist/symfony/symfony",
                    "type": "tidelift"
                }
            ],
            "time": "2020-07-06T13:19:58+00:00"
        },
        {
            "name": "symfony/polyfill-php55",
            "version": "v1.20.0",
            "source": {
                "type": "git",
                "url": "https://github.com/symfony/polyfill-php55.git",
                "reference": "c17452124a883900e1d73961f9075a638399c1a0"
            },
            "dist": {
                "type": "zip",
                "url": "https://api.github.com/repos/symfony/polyfill-php55/zipball/c17452124a883900e1d73961f9075a638399c1a0",
                "reference": "c17452124a883900e1d73961f9075a638399c1a0",
                "shasum": ""
            },
            "require": {
                "php": ">=7.1"
            },
            "type": "metapackage",
            "extra": {
                "branch-alias": {
                    "dev-main": "1.20-dev"
                },
                "thanks": {
                    "name": "symfony/polyfill",
                    "url": "https://github.com/symfony/polyfill"
                }
            },
            "notification-url": "https://packagist.org/downloads/",
            "license": [
                "MIT"
            ],
            "authors": [
                {
                    "name": "Nicolas Grekas",
                    "email": "p@tchwork.com"
                },
                {
                    "name": "Symfony Community",
                    "homepage": "https://symfony.com/contributors"
                }
            ],
            "description": "Symfony polyfill backporting some PHP 5.5+ features to lower PHP versions",
            "homepage": "https://symfony.com",
            "keywords": [
                "compatibility",
                "polyfill",
                "portable",
                "shim"
            ],
            "funding": [
                {
                    "url": "https://symfony.com/sponsor",
                    "type": "custom"
                },
                {
                    "url": "https://github.com/fabpot",
                    "type": "github"
                },
                {
                    "url": "https://tidelift.com/funding/github/packagist/symfony/symfony",
                    "type": "tidelift"
                }
            ],
            "time": "2020-10-23T14:02:19+00:00"
        },
        {
            "name": "symfony/polyfill-php80",
            "version": "v1.22.1",
            "source": {
                "type": "git",
                "url": "https://github.com/symfony/polyfill-php80.git",
                "reference": "dc3063ba22c2a1fd2f45ed856374d79114998f91"
            },
            "dist": {
                "type": "zip",
                "url": "https://api.github.com/repos/symfony/polyfill-php80/zipball/dc3063ba22c2a1fd2f45ed856374d79114998f91",
                "reference": "dc3063ba22c2a1fd2f45ed856374d79114998f91",
                "shasum": ""
            },
            "require": {
                "php": ">=7.1"
            },
            "type": "library",
            "extra": {
                "branch-alias": {
                    "dev-main": "1.22-dev"
                },
                "thanks": {
                    "name": "symfony/polyfill",
                    "url": "https://github.com/symfony/polyfill"
                }
            },
            "autoload": {
                "psr-4": {
                    "Symfony\\Polyfill\\Php80\\": ""
                },
                "files": [
                    "bootstrap.php"
                ],
                "classmap": [
                    "Resources/stubs"
                ]
            },
            "notification-url": "https://packagist.org/downloads/",
            "license": [
                "MIT"
            ],
            "authors": [
                {
                    "name": "Ion Bazan",
                    "email": "ion.bazan@gmail.com"
                },
                {
                    "name": "Nicolas Grekas",
                    "email": "p@tchwork.com"
                },
                {
                    "name": "Symfony Community",
                    "homepage": "https://symfony.com/contributors"
                }
            ],
            "description": "Symfony polyfill backporting some PHP 8.0+ features to lower PHP versions",
            "homepage": "https://symfony.com",
            "keywords": [
                "compatibility",
                "polyfill",
                "portable",
                "shim"
            ],
            "funding": [
                {
                    "url": "https://symfony.com/sponsor",
                    "type": "custom"
                },
                {
                    "url": "https://github.com/fabpot",
                    "type": "github"
                },
                {
                    "url": "https://tidelift.com/funding/github/packagist/symfony/symfony",
                    "type": "tidelift"
                }
            ],
            "time": "2021-01-07T16:49:33+00:00"
        }
    ],
    "packages-dev": [],
    "aliases": [],
    "minimum-stability": "stable",
    "stability-flags": [],
    "prefer-stable": false,
    "prefer-lowest": false,
    "platform": [],
    "platform-dev": [],
    "plugin-api-version": "1.1.0"
}
